
Microsoft Visual Studio Solution File, Format Version 12.00
# Visual Studio Version 17
VisualStudioVersion = 17.13.35825.156 d17.13
MinimumVisualStudioVersion = 10.0.40219.1
Project("{FAE04EC0-301F-11D3-BF4B-00C04F79EFBC}") = "ServiceDesk.PgSql", "ServiceDesk.PgSql.csproj", "{4C203CE8-0609-EC66-46D6-AD6A02B025BA}"
EndProject
Global
	GlobalSection(SolutionConfigurationPlatforms) = preSolution
		Debug|Any CPU = Debug|Any CPU
		Release|Any CPU = Release|Any CPU
	EndGlobalSection
	GlobalSection(ProjectConfigurationPlatforms) = postSolution
		{4C203CE8-0609-EC66-46D6-AD6A02B025BA}.Debug|Any CPU.ActiveCfg = Debug|Any CPU
		{4C203CE8-0609-EC66-46D6-AD6A02B025BA}.Debug|Any CPU.Build.0 = Debug|Any CPU
		{4C203CE8-0609-EC66-46D6-AD6A02B025BA}.Release|Any CPU.ActiveCfg = Release|Any CPU
		{4C203CE8-0609-EC66-46D6-AD6A02B025BA}.Release|Any CPU.Build.0 = Release|Any CPU
	EndGlobalSection
	GlobalSection(SolutionProperties) = preSolution
		HideSolutionNode = FALSE
	EndGlobalSection
	GlobalSection(ExtensibilityGlobals) = postSolution
		SolutionGuid = {17D005C9-46D6-4115-A29B-2C622562D6A5}
	EndGlobalSection
EndGlobal
