
Microsoft Visual Studio Solution File, Format Version 12.00
# Visual Studio Version 17
VisualStudioVersion = 17.0.31903.59
MinimumVisualStudioVersion = 10.0.40219.1
Project("{2150E333-8FDC-42A3-9474-1A3956D46DE8}") = "assets", "assets", "{CA7CA006-BC92-499B-A2E3-3A3C4519FE34}"
EndProject
Project("{2150E333-8FDC-42A3-9474-1A3956D46DE8}") = "scripts", "scripts", "{E5FCD1AD-CEA7-4B05-B5A7-974963FFA0C9}"
EndProject
Project("{2150E333-8FDC-42A3-9474-1A3956D46DE8}") = "tests", "tests", "{8D419BA8-79DF-4673-8DB1-D512F5AC59D4}"
EndProject
Project("{2150E333-8FDC-42A3-9474-1A3956D46DE8}") = "src", "src", "{FED9824A-80BB-4924-A357-E76BBBA0E556}"
EndProject
Project("{FAE04EC0-301F-11D3-BF4B-00C04F79EFBC}") = "AutoPark.Domain", "AutoPark.Domain\AutoPark.Domain.csproj", "{8B470F25-937B-4E43-8FB0-D423FBA2F9AB}"
EndProject
Project("{FAE04EC0-301F-11D3-BF4B-00C04F79EFBC}") = "AutoPark.Infrastructure", "AutoPark.Infrastructure\AutoPark.Infrastructure.csproj", "{C55013EA-1F5A-48FD-BDF6-15F750B2284C}"
EndProject
Project("{FAE04EC0-301F-11D3-BF4B-00C04F79EFBC}") = "AutoPark.Application", "AutoPark.Application\AutoPark.Application.csproj", "{49BDC949-C1FF-47E0-B5E6-6286A53C6C7D}"
EndProject
Project("{2150E333-8FDC-42A3-9474-1A3956D46DE8}") = "libs", "libs", "{ECBF2675-A227-46DD-9651-F67C4AF877DC}"
EndProject
Project("{FAE04EC0-301F-11D3-BF4B-00C04F79EFBC}") = "AutoPark.WebApi", "AutoPark.WebApi\AutoPark.WebApi.csproj", "{277BA300-A42D-4864-9BA3-ABC6CD430986}"
EndProject
Project("{FAE04EC0-301F-11D3-BF4B-00C04F79EFBC}") = "AutoPark.PgSql", "..\..\assets\scripts\AutoPark.PgSql\AutoPark.PgSql.csproj", "{52C22C16-985E-4663-B7C6-0C4C7B5A8153}"
EndProject
Project("{2150E333-8FDC-42A3-9474-1A3956D46DE8}") = "libs", "libs", "{4EAC6E20-1E06-4A30-A8C7-8B5C622DF5C3}"
EndProject
Project("{FAE04EC0-301F-11D3-BF4B-00C04F79EFBC}") = "Bms.Common.Domain", "..\..\libs\dotnet\common\Bms.Common.Domain\Bms.Common.Domain.csproj", "{BF95EE9E-DB00-4C91-BC0A-3E9B26575DD2}"
EndProject
Project("{FAE04EC0-301F-11D3-BF4B-00C04F79EFBC}") = "Bms.Core.Domain", "..\..\libs\dotnet\core\Bms.Core.Domain\Bms.Core.Domain.csproj", "{35020349-E182-4BFF-A802-272673B2A53C}"
EndProject
Project("{2150E333-8FDC-42A3-9474-1A3956D46DE8}") = "core", "core", "{583DE31A-62F6-4492-867B-E24E591A22D2}"
EndProject
Project("{2150E333-8FDC-42A3-9474-1A3956D46DE8}") = "common", "common", "{43588530-04C2-451A-A4CC-FFDADE1B4DAE}"
EndProject
Project("{FAE04EC0-301F-11D3-BF4B-00C04F79EFBC}") = "Bms.Common.Application", "..\..\libs\dotnet\common\Bms.Common.Application\Bms.Common.Application.csproj", "{65840A63-EE58-40B4-8682-F9E91972DBDC}"
EndProject
Project("{FAE04EC0-301F-11D3-BF4B-00C04F79EFBC}") = "Bms.Common.Infrastructure", "..\..\libs\dotnet\common\Bms.Common.infrastructure\Bms.Common.Infrastructure.csproj", "{4120A19C-B08A-48B5-BD43-60777364D524}"
EndProject
Project("{FAE04EC0-301F-11D3-BF4B-00C04F79EFBC}") = "Bms.Core.Application", "..\..\libs\dotnet\core\Bms.Core.Application\Bms.Core.Application.csproj", "{372FB18D-FD2E-4EF8-B110-B8703F87F8F6}"
EndProject
Project("{FAE04EC0-301F-11D3-BF4B-00C04F79EFBC}") = "Bms.Core.Infrastructure", "..\..\libs\dotnet\core\Bms.Core.Infrastructure\Bms.Core.Infrastructure.csproj", "{46F602A6-B4DC-4FD6-9D11-B4E0677835CA}"
EndProject
Project("{FAE04EC0-301F-11D3-BF4B-00C04F79EFBC}") = "AutoPark.MobileApi", "AutoPark.MobileApi\AutoPark.MobileApi.csproj", "{E3FE7C64-95BF-4149-B3DF-C8857757A256}"
EndProject
Project("{FAE04EC0-301F-11D3-BF4B-00C04F79EFBC}") = "AutoPark.XUnitTest", "AutoPark.Tests\AutoPark.XUnitTest\AutoPark.XUnitTest.csproj", "{DB0F00E5-9C2D-41B0-86B4-3808CECEF336}"
EndProject
Project("{FAE04EC0-301F-11D3-BF4B-00C04F79EFBC}") = "WEBASE.MediatR", "..\..\libs\dotnet\common\Bms.MediatR\WEBASE.MediatR.csproj", "{9BF8C74B-D13D-4E7A-BF98-1BB6C44F944D}"
EndProject
Project("{FAE04EC0-301F-11D3-BF4B-00C04F79EFBC}") = "WEBASE.Jaeger", "..\..\libs\dotnet\common\WEBASE.Jaeger\WEBASE.Jaeger.csproj", "{5D8EF78D-1A87-45F4-9C12-157E19229DA2}"
EndProject
Project("{FAE04EC0-301F-11D3-BF4B-00C04F79EFBC}") = "AutoPark.Jobs", "AutoPark.Jobs\AutoPark.Jobs.csproj", "{80EE5FE3-B7DB-B8C5-EFDF-193388BFB1C0}"
EndProject
Project("{FAE04EC0-301F-11D3-BF4B-00C04F79EFBC}") = "WEBASE.LogSdk", "..\..\libs\dotnet\common\WEBASE.LogSdk\WEBASE.LogSdk.csproj", "{300E9B20-AD2A-48AB-807D-E726044F1D75}"
EndProject
Project("{FAE04EC0-301F-11D3-BF4B-00C04F79EFBC}") = "AutoPark.Integration", "AutoPark.Integration\AutoPark.Integration.csproj", "{D6FC73C9-6FCE-4934-8140-1684323167FE}"
EndProject
Global
	GlobalSection(SolutionConfigurationPlatforms) = preSolution
		Debug|Any CPU = Debug|Any CPU
		Release|Any CPU = Release|Any CPU
	EndGlobalSection
	GlobalSection(ProjectConfigurationPlatforms) = postSolution
		{8B470F25-937B-4E43-8FB0-D423FBA2F9AB}.Debug|Any CPU.ActiveCfg = Debug|Any CPU
		{8B470F25-937B-4E43-8FB0-D423FBA2F9AB}.Debug|Any CPU.Build.0 = Debug|Any CPU
		{8B470F25-937B-4E43-8FB0-D423FBA2F9AB}.Release|Any CPU.ActiveCfg = Release|Any CPU
		{8B470F25-937B-4E43-8FB0-D423FBA2F9AB}.Release|Any CPU.Build.0 = Release|Any CPU
		{C55013EA-1F5A-48FD-BDF6-15F750B2284C}.Debug|Any CPU.ActiveCfg = Debug|Any CPU
		{C55013EA-1F5A-48FD-BDF6-15F750B2284C}.Debug|Any CPU.Build.0 = Debug|Any CPU
		{C55013EA-1F5A-48FD-BDF6-15F750B2284C}.Release|Any CPU.ActiveCfg = Release|Any CPU
		{C55013EA-1F5A-48FD-BDF6-15F750B2284C}.Release|Any CPU.Build.0 = Release|Any CPU
		{49BDC949-C1FF-47E0-B5E6-6286A53C6C7D}.Debug|Any CPU.ActiveCfg = Debug|Any CPU
		{49BDC949-C1FF-47E0-B5E6-6286A53C6C7D}.Debug|Any CPU.Build.0 = Debug|Any CPU
		{49BDC949-C1FF-47E0-B5E6-6286A53C6C7D}.Release|Any CPU.ActiveCfg = Release|Any CPU
		{49BDC949-C1FF-47E0-B5E6-6286A53C6C7D}.Release|Any CPU.Build.0 = Release|Any CPU
		{277BA300-A42D-4864-9BA3-ABC6CD430986}.Debug|Any CPU.ActiveCfg = Debug|Any CPU
		{277BA300-A42D-4864-9BA3-ABC6CD430986}.Debug|Any CPU.Build.0 = Debug|Any CPU
		{277BA300-A42D-4864-9BA3-ABC6CD430986}.Release|Any CPU.ActiveCfg = Release|Any CPU
		{277BA300-A42D-4864-9BA3-ABC6CD430986}.Release|Any CPU.Build.0 = Release|Any CPU
		{52C22C16-985E-4663-B7C6-0C4C7B5A8153}.Debug|Any CPU.ActiveCfg = Debug|Any CPU
		{52C22C16-985E-4663-B7C6-0C4C7B5A8153}.Debug|Any CPU.Build.0 = Debug|Any CPU
		{52C22C16-985E-4663-B7C6-0C4C7B5A8153}.Release|Any CPU.ActiveCfg = Release|Any CPU
		{52C22C16-985E-4663-B7C6-0C4C7B5A8153}.Release|Any CPU.Build.0 = Release|Any CPU
		{BF95EE9E-DB00-4C91-BC0A-3E9B26575DD2}.Debug|Any CPU.ActiveCfg = Debug|Any CPU
		{BF95EE9E-DB00-4C91-BC0A-3E9B26575DD2}.Debug|Any CPU.Build.0 = Debug|Any CPU
		{BF95EE9E-DB00-4C91-BC0A-3E9B26575DD2}.Release|Any CPU.ActiveCfg = Release|Any CPU
		{BF95EE9E-DB00-4C91-BC0A-3E9B26575DD2}.Release|Any CPU.Build.0 = Release|Any CPU
		{35020349-E182-4BFF-A802-272673B2A53C}.Debug|Any CPU.ActiveCfg = Debug|Any CPU
		{35020349-E182-4BFF-A802-272673B2A53C}.Debug|Any CPU.Build.0 = Debug|Any CPU
		{35020349-E182-4BFF-A802-272673B2A53C}.Release|Any CPU.ActiveCfg = Release|Any CPU
		{35020349-E182-4BFF-A802-272673B2A53C}.Release|Any CPU.Build.0 = Release|Any CPU
		{65840A63-EE58-40B4-8682-F9E91972DBDC}.Debug|Any CPU.ActiveCfg = Debug|Any CPU
		{65840A63-EE58-40B4-8682-F9E91972DBDC}.Debug|Any CPU.Build.0 = Debug|Any CPU
		{65840A63-EE58-40B4-8682-F9E91972DBDC}.Release|Any CPU.ActiveCfg = Release|Any CPU
		{65840A63-EE58-40B4-8682-F9E91972DBDC}.Release|Any CPU.Build.0 = Release|Any CPU
		{4120A19C-B08A-48B5-BD43-60777364D524}.Debug|Any CPU.ActiveCfg = Debug|Any CPU
		{4120A19C-B08A-48B5-BD43-60777364D524}.Debug|Any CPU.Build.0 = Debug|Any CPU
		{4120A19C-B08A-48B5-BD43-60777364D524}.Release|Any CPU.ActiveCfg = Release|Any CPU
		{4120A19C-B08A-48B5-BD43-60777364D524}.Release|Any CPU.Build.0 = Release|Any CPU
		{372FB18D-FD2E-4EF8-B110-B8703F87F8F6}.Debug|Any CPU.ActiveCfg = Debug|Any CPU
		{372FB18D-FD2E-4EF8-B110-B8703F87F8F6}.Debug|Any CPU.Build.0 = Debug|Any CPU
		{372FB18D-FD2E-4EF8-B110-B8703F87F8F6}.Release|Any CPU.ActiveCfg = Release|Any CPU
		{372FB18D-FD2E-4EF8-B110-B8703F87F8F6}.Release|Any CPU.Build.0 = Release|Any CPU
		{46F602A6-B4DC-4FD6-9D11-B4E0677835CA}.Debug|Any CPU.ActiveCfg = Debug|Any CPU
		{46F602A6-B4DC-4FD6-9D11-B4E0677835CA}.Debug|Any CPU.Build.0 = Debug|Any CPU
		{46F602A6-B4DC-4FD6-9D11-B4E0677835CA}.Release|Any CPU.ActiveCfg = Release|Any CPU
		{46F602A6-B4DC-4FD6-9D11-B4E0677835CA}.Release|Any CPU.Build.0 = Release|Any CPU
		{E3FE7C64-95BF-4149-B3DF-C8857757A256}.Debug|Any CPU.ActiveCfg = Debug|Any CPU
		{E3FE7C64-95BF-4149-B3DF-C8857757A256}.Debug|Any CPU.Build.0 = Debug|Any CPU
		{E3FE7C64-95BF-4149-B3DF-C8857757A256}.Release|Any CPU.ActiveCfg = Release|Any CPU
		{E3FE7C64-95BF-4149-B3DF-C8857757A256}.Release|Any CPU.Build.0 = Release|Any CPU
		{DB0F00E5-9C2D-41B0-86B4-3808CECEF336}.Debug|Any CPU.ActiveCfg = Debug|Any CPU
		{DB0F00E5-9C2D-41B0-86B4-3808CECEF336}.Debug|Any CPU.Build.0 = Debug|Any CPU
		{DB0F00E5-9C2D-41B0-86B4-3808CECEF336}.Release|Any CPU.ActiveCfg = Release|Any CPU
		{DB0F00E5-9C2D-41B0-86B4-3808CECEF336}.Release|Any CPU.Build.0 = Release|Any CPU
		{9BF8C74B-D13D-4E7A-BF98-1BB6C44F944D}.Debug|Any CPU.ActiveCfg = Debug|Any CPU
		{9BF8C74B-D13D-4E7A-BF98-1BB6C44F944D}.Debug|Any CPU.Build.0 = Debug|Any CPU
		{9BF8C74B-D13D-4E7A-BF98-1BB6C44F944D}.Release|Any CPU.ActiveCfg = Release|Any CPU
		{9BF8C74B-D13D-4E7A-BF98-1BB6C44F944D}.Release|Any CPU.Build.0 = Release|Any CPU
		{5D8EF78D-1A87-45F4-9C12-157E19229DA2}.Debug|Any CPU.ActiveCfg = Debug|Any CPU
		{5D8EF78D-1A87-45F4-9C12-157E19229DA2}.Debug|Any CPU.Build.0 = Debug|Any CPU
		{5D8EF78D-1A87-45F4-9C12-157E19229DA2}.Release|Any CPU.ActiveCfg = Release|Any CPU
		{5D8EF78D-1A87-45F4-9C12-157E19229DA2}.Release|Any CPU.Build.0 = Release|Any CPU
		{80EE5FE3-B7DB-B8C5-EFDF-193388BFB1C0}.Debug|Any CPU.ActiveCfg = Debug|Any CPU
		{80EE5FE3-B7DB-B8C5-EFDF-193388BFB1C0}.Debug|Any CPU.Build.0 = Debug|Any CPU
		{80EE5FE3-B7DB-B8C5-EFDF-193388BFB1C0}.Release|Any CPU.ActiveCfg = Release|Any CPU
		{80EE5FE3-B7DB-B8C5-EFDF-193388BFB1C0}.Release|Any CPU.Build.0 = Release|Any CPU
		{300E9B20-AD2A-48AB-807D-E726044F1D75}.Debug|Any CPU.ActiveCfg = Debug|Any CPU
		{300E9B20-AD2A-48AB-807D-E726044F1D75}.Debug|Any CPU.Build.0 = Debug|Any CPU
		{300E9B20-AD2A-48AB-807D-E726044F1D75}.Release|Any CPU.ActiveCfg = Release|Any CPU
		{300E9B20-AD2A-48AB-807D-E726044F1D75}.Release|Any CPU.Build.0 = Release|Any CPU
		{D6FC73C9-6FCE-4934-8140-1684323167FE}.Debug|Any CPU.ActiveCfg = Debug|Any CPU
		{D6FC73C9-6FCE-4934-8140-1684323167FE}.Debug|Any CPU.Build.0 = Debug|Any CPU
		{D6FC73C9-6FCE-4934-8140-1684323167FE}.Release|Any CPU.ActiveCfg = Release|Any CPU
		{D6FC73C9-6FCE-4934-8140-1684323167FE}.Release|Any CPU.Build.0 = Release|Any CPU
	EndGlobalSection
	GlobalSection(SolutionProperties) = preSolution
		HideSolutionNode = FALSE
	EndGlobalSection
	GlobalSection(NestedProjects) = preSolution
		{E5FCD1AD-CEA7-4B05-B5A7-974963FFA0C9} = {CA7CA006-BC92-499B-A2E3-3A3C4519FE34}
		{8B470F25-937B-4E43-8FB0-D423FBA2F9AB} = {ECBF2675-A227-46DD-9651-F67C4AF877DC}
		{C55013EA-1F5A-48FD-BDF6-15F750B2284C} = {ECBF2675-A227-46DD-9651-F67C4AF877DC}
		{49BDC949-C1FF-47E0-B5E6-6286A53C6C7D} = {ECBF2675-A227-46DD-9651-F67C4AF877DC}
		{ECBF2675-A227-46DD-9651-F67C4AF877DC} = {FED9824A-80BB-4924-A357-E76BBBA0E556}
		{277BA300-A42D-4864-9BA3-ABC6CD430986} = {FED9824A-80BB-4924-A357-E76BBBA0E556}
		{52C22C16-985E-4663-B7C6-0C4C7B5A8153} = {E5FCD1AD-CEA7-4B05-B5A7-974963FFA0C9}
		{BF95EE9E-DB00-4C91-BC0A-3E9B26575DD2} = {43588530-04C2-451A-A4CC-FFDADE1B4DAE}
		{35020349-E182-4BFF-A802-272673B2A53C} = {583DE31A-62F6-4492-867B-E24E591A22D2}
		{583DE31A-62F6-4492-867B-E24E591A22D2} = {4EAC6E20-1E06-4A30-A8C7-8B5C622DF5C3}
		{43588530-04C2-451A-A4CC-FFDADE1B4DAE} = {4EAC6E20-1E06-4A30-A8C7-8B5C622DF5C3}
		{65840A63-EE58-40B4-8682-F9E91972DBDC} = {43588530-04C2-451A-A4CC-FFDADE1B4DAE}
		{4120A19C-B08A-48B5-BD43-60777364D524} = {43588530-04C2-451A-A4CC-FFDADE1B4DAE}
		{372FB18D-FD2E-4EF8-B110-B8703F87F8F6} = {583DE31A-62F6-4492-867B-E24E591A22D2}
		{46F602A6-B4DC-4FD6-9D11-B4E0677835CA} = {583DE31A-62F6-4492-867B-E24E591A22D2}
		{E3FE7C64-95BF-4149-B3DF-C8857757A256} = {FED9824A-80BB-4924-A357-E76BBBA0E556}
		{DB0F00E5-9C2D-41B0-86B4-3808CECEF336} = {8D419BA8-79DF-4673-8DB1-D512F5AC59D4}
		{9BF8C74B-D13D-4E7A-BF98-1BB6C44F944D} = {43588530-04C2-451A-A4CC-FFDADE1B4DAE}
		{5D8EF78D-1A87-45F4-9C12-157E19229DA2} = {43588530-04C2-451A-A4CC-FFDADE1B4DAE}
		{80EE5FE3-B7DB-B8C5-EFDF-193388BFB1C0} = {ECBF2675-A227-46DD-9651-F67C4AF877DC}
		{300E9B20-AD2A-48AB-807D-E726044F1D75} = {43588530-04C2-451A-A4CC-FFDADE1B4DAE}
		{D6FC73C9-6FCE-4934-8140-1684323167FE} = {ECBF2675-A227-46DD-9651-F67C4AF877DC}
	EndGlobalSection
	GlobalSection(ExtensibilityGlobals) = postSolution
		SolutionGuid = {E8F635C9-E2B7-4265-95A9-C886589286A6}
	EndGlobalSection
EndGlobal
