
Microsoft Visual Studio Solution File, Format Version 12.00
# Visual Studio Version 17
VisualStudioVersion = 17.0.31903.59
MinimumVisualStudioVersion = 10.0.40219.1
Project("{2150E333-8FDC-42A3-9474-1A3956D46DE8}") = "src", "src", "{E8A4B1A0-8C5A-4E2B-9A8C-3B5D89F3C9A7}"
EndProject
Project("{2150E333-8FDC-42A3-9474-1A3956D46DE8}") = "libs", "libs", "{F5B6E3B4-2C4A-4D8B-A7F6-9E2C5B8D1A3E}"
EndProject
Project("{FAE04EC0-301F-11D3-BF4B-00C04F79EFBC}") = "Bms.Bff.Web.WebApi", "src\Bms.Bff.Web.WebApi\Bms.Bff.Web.WebApi.csproj", "{8B7C4E5A-3D2F-4A8E-B9C1-5E7D9F2A1B3C}"
EndProject
Project("{FAE04EC0-301F-11D3-BF4B-00C04F79EFBC}") = "Bms.Bff.Web.Application", "src\libs\Bms.Bff.Web.Application\Bms.Bff.Web.Application.csproj", "{A2D5C8F1-6B4E-4D3A-9E7C-1F5B2A9D8C3E}"
EndProject
Project("{FAE04EC0-301F-11D3-BF4B-00C04F79EFBC}") = "Bms.Bff.Web.Domain", "src\libs\Bms.Bff.Web.Domain\Bms.Bff.Web.Domain.csproj", "{C3E9F2A5-7D1B-4E6C-A8F9-2B4D5C7E9A1F}"
EndProject
Project("{FAE04EC0-301F-11D3-BF4B-00C04F79EFBC}") = "Bms.Bff.Web.Infrastructure", "src\libs\Bms.Bff.Web.Infrastructure\Bms.Bff.Web.Infrastructure.csproj", "{D4F1B3C6-8E2A-4F7D-B1A3-3C5E6D8F2B4A}"
EndProject
Global
	GlobalSection(SolutionConfigurationPlatforms) = preSolution
		Debug|Any CPU = Debug|Any CPU
		Release|Any CPU = Release|Any CPU
	EndGlobalSection
	GlobalSection(ProjectConfigurationPlatforms) = postSolution
		{8B7C4E5A-3D2F-4A8E-B9C1-5E7D9F2A1B3C}.Debug|Any CPU.ActiveCfg = Debug|Any CPU
		{8B7C4E5A-3D2F-4A8E-B9C1-5E7D9F2A1B3C}.Debug|Any CPU.Build.0 = Debug|Any CPU
		{8B7C4E5A-3D2F-4A8E-B9C1-5E7D9F2A1B3C}.Release|Any CPU.ActiveCfg = Release|Any CPU
		{8B7C4E5A-3D2F-4A8E-B9C1-5E7D9F2A1B3C}.Release|Any CPU.Build.0 = Release|Any CPU
		{A2D5C8F1-6B4E-4D3A-9E7C-1F5B2A9D8C3E}.Debug|Any CPU.ActiveCfg = Debug|Any CPU
		{A2D5C8F1-6B4E-4D3A-9E7C-1F5B2A9D8C3E}.Debug|Any CPU.Build.0 = Debug|Any CPU
		{A2D5C8F1-6B4E-4D3A-9E7C-1F5B2A9D8C3E}.Release|Any CPU.ActiveCfg = Release|Any CPU
		{A2D5C8F1-6B4E-4D3A-9E7C-1F5B2A9D8C3E}.Release|Any CPU.Build.0 = Release|Any CPU
		{C3E9F2A5-7D1B-4E6C-A8F9-2B4D5C7E9A1F}.Debug|Any CPU.ActiveCfg = Debug|Any CPU
		{C3E9F2A5-7D1B-4E6C-A8F9-2B4D5C7E9A1F}.Debug|Any CPU.Build.0 = Debug|Any CPU
		{C3E9F2A5-7D1B-4E6C-A8F9-2B4D5C7E9A1F}.Release|Any CPU.ActiveCfg = Release|Any CPU
		{C3E9F2A5-7D1B-4E6C-A8F9-2B4D5C7E9A1F}.Release|Any CPU.Build.0 = Release|Any CPU
		{D4F1B3C6-8E2A-4F7D-B1A3-3C5E6D8F2B4A}.Debug|Any CPU.ActiveCfg = Debug|Any CPU
		{D4F1B3C6-8E2A-4F7D-B1A3-3C5E6D8F2B4A}.Debug|Any CPU.Build.0 = Debug|Any CPU
		{D4F1B3C6-8E2A-4F7D-B1A3-3C5E6D8F2B4A}.Release|Any CPU.ActiveCfg = Release|Any CPU
		{D4F1B3C6-8E2A-4F7D-B1A3-3C5E6D8F2B4A}.Release|Any CPU.Build.0 = Release|Any CPU
	EndGlobalSection
	GlobalSection(SolutionProperties) = preSolution
		HideSolutionNode = FALSE
	EndGlobalSection
	GlobalSection(NestedProjects) = preSolution
		{F5B6E3B4-2C4A-4D8B-A7F6-9E2C5B8D1A3E} = {E8A4B1A0-8C5A-4E2B-9A8C-3B5D89F3C9A7}
		{8B7C4E5A-3D2F-4A8E-B9C1-5E7D9F2A1B3C} = {E8A4B1A0-8C5A-4E2B-9A8C-3B5D89F3C9A7}
		{A2D5C8F1-6B4E-4D3A-9E7C-1F5B2A9D8C3E} = {F5B6E3B4-2C4A-4D8B-A7F6-9E2C5B8D1A3E}
		{C3E9F2A5-7D1B-4E6C-A8F9-2B4D5C7E9A1F} = {F5B6E3B4-2C4A-4D8B-A7F6-9E2C5B8D1A3E}
		{D4F1B3C6-8E2A-4F7D-B1A3-3C5E6D8F2B4A} = {F5B6E3B4-2C4A-4D8B-A7F6-9E2C5B8D1A3E}
	EndGlobalSection
	GlobalSection(ExtensibilityGlobals) = postSolution
		SolutionGuid = {B5A8C3E9-4D7F-4A2B-8E1C-9F3D6B5A7C2E}
	EndGlobalSection
EndGlobal