
Microsoft Visual Studio Solution File, Format Version 12.00
# Visual Studio Version 17
VisualStudioVersion = 17.0.31903.59
MinimumVisualStudioVersion = 10.0.40219.1
Project("{2150E333-8FDC-42A3-9474-1A3956D46DE8}") = "assets", "assets", "{02EA681E-C7D8-13C7-8484-4AC65E1B71E8}"
EndProject
Project("{2150E333-8FDC-42A3-9474-1A3956D46DE8}") = "libs", "libs", "{0D13746B-B978-42B9-8BA9-25DA819D752F}"
EndProject
Project("{2150E333-8FDC-42A3-9474-1A3956D46DE8}") = "src", "src", "{F40173AC-E59F-4DFD-80A5-9A33986BDA38}"
EndProject
Project("{2150E333-8FDC-42A3-9474-1A3956D46DE8}") = "tests", "tests", "{E9ABB615-31B0-4D90-95F5-9582C7858FC7}"
EndProject
Project("{2150E333-8FDC-42A3-9474-1A3956D46DE8}") = "scripts", "scripts", "{8F45AD0A-0C67-4620-B345-838172D19B9C}"
EndProject
Project("{9A19103F-16F7-4668-BE54-9A1E7A4F7556}") = "ServiceDesk.PgSql", "..\..\assets\scripts\ServiceDesk.PgSql\ServiceDesk.PgSql.csproj", "{4D1AC4F1-04E9-C22B-7DAA-CA31B88920E3}"
EndProject
Project("{2150E333-8FDC-42A3-9474-1A3956D46DE8}") = "common", "common", "{D3CAA127-0036-400D-B0C1-C69C42EC070C}"
EndProject
Project("{2150E333-8FDC-42A3-9474-1A3956D46DE8}") = "core", "core", "{3B069945-E7B1-4F13-B101-4E183901D8E3}"
EndProject
Project("{9A19103F-16F7-4668-BE54-9A1E7A4F7556}") = "Bms.Common.Domain", "..\..\libs\dotnet\common\Bms.Common.Domain\Bms.Common.Domain.csproj", "{F0925D5D-DCEF-270B-8329-69C819032225}"
EndProject
Project("{9A19103F-16F7-4668-BE54-9A1E7A4F7556}") = "Bms.Common.Application", "..\..\libs\dotnet\common\Bms.Common.Application\Bms.Common.Application.csproj", "{2117100F-0CDB-7609-D146-EF85B210FF79}"
EndProject
Project("{9A19103F-16F7-4668-BE54-9A1E7A4F7556}") = "Bms.Common.Infrastructure", "..\..\libs\dotnet\common\Bms.Common.Infrastructure\Bms.Common.Infrastructure.csproj", "{69EC731A-46D1-D38F-E5F7-B7425D025675}"
EndProject
Project("{9A19103F-16F7-4668-BE54-9A1E7A4F7556}") = "Bms.Core.Domain", "..\..\libs\dotnet\core\Bms.Core.Domain\Bms.Core.Domain.csproj", "{4FB24A3C-C35E-CA2C-7B86-9C08790170BF}"
EndProject
Project("{9A19103F-16F7-4668-BE54-9A1E7A4F7556}") = "Bms.Core.Application", "..\..\libs\dotnet\core\Bms.Core.Application\Bms.Core.Application.csproj", "{867D3F80-A1CB-EC1D-60F4-4E414F1562EC}"
EndProject
Project("{9A19103F-16F7-4668-BE54-9A1E7A4F7556}") = "Bms.Core.Infrastructure", "..\..\libs\dotnet\core\Bms.Core.Infrastructure\Bms.Core.Infrastructure.csproj", "{481A83F6-1232-775D-3547-DC429060CDED}"
EndProject
Project("{2150E333-8FDC-42A3-9474-1A3956D46DE8}") = "libs", "libs", "{1B87E1C1-286F-4AAF-BE10-F43E05DB824B}"
EndProject
Project("{9A19103F-16F7-4668-BE54-9A1E7A4F7556}") = "ServiceDesk.Domain", "ServiceDesk.Domain\ServiceDesk.Domain.csproj", "{6D4BBB01-351A-15B2-84C2-B56F555219FB}"
EndProject
Project("{9A19103F-16F7-4668-BE54-9A1E7A4F7556}") = "ServiceDesk.Application", "ServiceDesk.Application\ServiceDesk.Application.csproj", "{D75BCEE1-8853-5FD6-6018-82A8F5D820DF}"
EndProject
Project("{9A19103F-16F7-4668-BE54-9A1E7A4F7556}") = "ServiceDesk.Infrastructure", "ServiceDesk.Infrastructure\ServiceDesk.Infrastructure.csproj", "{5202DEED-EEB5-551C-1991-3F9642723367}"
EndProject
Project("{9A19103F-16F7-4668-BE54-9A1E7A4F7556}") = "ServiceDesk.WebApi", "ServiceDesk.WebApi\ServiceDesk.WebApi.csproj", "{C24268A3-3C93-F53E-4670-82342103DBB1}"
EndProject
Project("{9A19103F-16F7-4668-BE54-9A1E7A4F7556}") = "ServiceDesk.MobileApi", "ServiceDesk.MobileApi\ServiceDesk.MobileApi.csproj", "{ECD4F6A6-96C8-8DA4-750A-17B1F823D339}"
EndProject
Project("{FAE04EC0-301F-11D3-BF4B-00C04F79EFBC}") = "WEBASE.LogSdk", "..\..\libs\dotnet\common\WEBASE.LogSdk\WEBASE.LogSdk.csproj", "{95D84E70-AB34-E8E9-C6E8-90683F724D87}"
EndProject
Project("{FAE04EC0-301F-11D3-BF4B-00C04F79EFBC}") = "WEBASE.Jaeger", "..\..\libs\dotnet\common\WEBASE.Jaeger\WEBASE.Jaeger.csproj", "{D4D6A5B2-90B2-C8D3-1F7A-A5BC88769CB4}"
EndProject
Project("{FAE04EC0-301F-11D3-BF4B-00C04F79EFBC}") = "WEBASE.MediatR", "..\..\libs\dotnet\common\Bms.MediatR\WEBASE.MediatR.csproj", "{DA794DC4-8457-EA80-4FDB-39CC778D2B23}"
EndProject
Global
	GlobalSection(SolutionConfigurationPlatforms) = preSolution
		Debug|Any CPU = Debug|Any CPU
		Release|Any CPU = Release|Any CPU
	EndGlobalSection
	GlobalSection(ProjectConfigurationPlatforms) = postSolution
		{4D1AC4F1-04E9-C22B-7DAA-CA31B88920E3}.Debug|Any CPU.ActiveCfg = Debug|Any CPU
		{4D1AC4F1-04E9-C22B-7DAA-CA31B88920E3}.Debug|Any CPU.Build.0 = Debug|Any CPU
		{4D1AC4F1-04E9-C22B-7DAA-CA31B88920E3}.Release|Any CPU.ActiveCfg = Release|Any CPU
		{4D1AC4F1-04E9-C22B-7DAA-CA31B88920E3}.Release|Any CPU.Build.0 = Release|Any CPU
		{F0925D5D-DCEF-270B-8329-69C819032225}.Debug|Any CPU.ActiveCfg = Debug|Any CPU
		{F0925D5D-DCEF-270B-8329-69C819032225}.Debug|Any CPU.Build.0 = Debug|Any CPU
		{F0925D5D-DCEF-270B-8329-69C819032225}.Release|Any CPU.ActiveCfg = Release|Any CPU
		{F0925D5D-DCEF-270B-8329-69C819032225}.Release|Any CPU.Build.0 = Release|Any CPU
		{2117100F-0CDB-7609-D146-EF85B210FF79}.Debug|Any CPU.ActiveCfg = Debug|Any CPU
		{2117100F-0CDB-7609-D146-EF85B210FF79}.Debug|Any CPU.Build.0 = Debug|Any CPU
		{2117100F-0CDB-7609-D146-EF85B210FF79}.Release|Any CPU.ActiveCfg = Release|Any CPU
		{2117100F-0CDB-7609-D146-EF85B210FF79}.Release|Any CPU.Build.0 = Release|Any CPU
		{69EC731A-46D1-D38F-E5F7-B7425D025675}.Debug|Any CPU.ActiveCfg = Debug|Any CPU
		{69EC731A-46D1-D38F-E5F7-B7425D025675}.Debug|Any CPU.Build.0 = Debug|Any CPU
		{69EC731A-46D1-D38F-E5F7-B7425D025675}.Release|Any CPU.ActiveCfg = Release|Any CPU
		{69EC731A-46D1-D38F-E5F7-B7425D025675}.Release|Any CPU.Build.0 = Release|Any CPU
		{4FB24A3C-C35E-CA2C-7B86-9C08790170BF}.Debug|Any CPU.ActiveCfg = Debug|Any CPU
		{4FB24A3C-C35E-CA2C-7B86-9C08790170BF}.Debug|Any CPU.Build.0 = Debug|Any CPU
		{4FB24A3C-C35E-CA2C-7B86-9C08790170BF}.Release|Any CPU.ActiveCfg = Release|Any CPU
		{4FB24A3C-C35E-CA2C-7B86-9C08790170BF}.Release|Any CPU.Build.0 = Release|Any CPU
		{867D3F80-A1CB-EC1D-60F4-4E414F1562EC}.Debug|Any CPU.ActiveCfg = Debug|Any CPU
		{867D3F80-A1CB-EC1D-60F4-4E414F1562EC}.Debug|Any CPU.Build.0 = Debug|Any CPU
		{867D3F80-A1CB-EC1D-60F4-4E414F1562EC}.Release|Any CPU.ActiveCfg = Release|Any CPU
		{867D3F80-A1CB-EC1D-60F4-4E414F1562EC}.Release|Any CPU.Build.0 = Release|Any CPU
		{481A83F6-1232-775D-3547-DC429060CDED}.Debug|Any CPU.ActiveCfg = Debug|Any CPU
		{481A83F6-1232-775D-3547-DC429060CDED}.Debug|Any CPU.Build.0 = Debug|Any CPU
		{481A83F6-1232-775D-3547-DC429060CDED}.Release|Any CPU.ActiveCfg = Release|Any CPU
		{481A83F6-1232-775D-3547-DC429060CDED}.Release|Any CPU.Build.0 = Release|Any CPU
		{6D4BBB01-351A-15B2-84C2-B56F555219FB}.Debug|Any CPU.ActiveCfg = Debug|Any CPU
		{6D4BBB01-351A-15B2-84C2-B56F555219FB}.Debug|Any CPU.Build.0 = Debug|Any CPU
		{6D4BBB01-351A-15B2-84C2-B56F555219FB}.Release|Any CPU.ActiveCfg = Release|Any CPU
		{6D4BBB01-351A-15B2-84C2-B56F555219FB}.Release|Any CPU.Build.0 = Release|Any CPU
		{D75BCEE1-8853-5FD6-6018-82A8F5D820DF}.Debug|Any CPU.ActiveCfg = Debug|Any CPU
		{D75BCEE1-8853-5FD6-6018-82A8F5D820DF}.Debug|Any CPU.Build.0 = Debug|Any CPU
		{D75BCEE1-8853-5FD6-6018-82A8F5D820DF}.Release|Any CPU.ActiveCfg = Release|Any CPU
		{D75BCEE1-8853-5FD6-6018-82A8F5D820DF}.Release|Any CPU.Build.0 = Release|Any CPU
		{5202DEED-EEB5-551C-1991-3F9642723367}.Debug|Any CPU.ActiveCfg = Debug|Any CPU
		{5202DEED-EEB5-551C-1991-3F9642723367}.Debug|Any CPU.Build.0 = Debug|Any CPU
		{5202DEED-EEB5-551C-1991-3F9642723367}.Release|Any CPU.ActiveCfg = Release|Any CPU
		{5202DEED-EEB5-551C-1991-3F9642723367}.Release|Any CPU.Build.0 = Release|Any CPU
		{C24268A3-3C93-F53E-4670-82342103DBB1}.Debug|Any CPU.ActiveCfg = Debug|Any CPU
		{C24268A3-3C93-F53E-4670-82342103DBB1}.Debug|Any CPU.Build.0 = Debug|Any CPU
		{C24268A3-3C93-F53E-4670-82342103DBB1}.Release|Any CPU.ActiveCfg = Release|Any CPU
		{C24268A3-3C93-F53E-4670-82342103DBB1}.Release|Any CPU.Build.0 = Release|Any CPU
		{ECD4F6A6-96C8-8DA4-750A-17B1F823D339}.Debug|Any CPU.ActiveCfg = Debug|Any CPU
		{ECD4F6A6-96C8-8DA4-750A-17B1F823D339}.Debug|Any CPU.Build.0 = Debug|Any CPU
		{ECD4F6A6-96C8-8DA4-750A-17B1F823D339}.Release|Any CPU.ActiveCfg = Release|Any CPU
		{ECD4F6A6-96C8-8DA4-750A-17B1F823D339}.Release|Any CPU.Build.0 = Release|Any CPU
		{95D84E70-AB34-E8E9-C6E8-90683F724D87}.Debug|Any CPU.ActiveCfg = Debug|Any CPU
		{95D84E70-AB34-E8E9-C6E8-90683F724D87}.Debug|Any CPU.Build.0 = Debug|Any CPU
		{95D84E70-AB34-E8E9-C6E8-90683F724D87}.Release|Any CPU.ActiveCfg = Release|Any CPU
		{95D84E70-AB34-E8E9-C6E8-90683F724D87}.Release|Any CPU.Build.0 = Release|Any CPU
		{D4D6A5B2-90B2-C8D3-1F7A-A5BC88769CB4}.Debug|Any CPU.ActiveCfg = Debug|Any CPU
		{D4D6A5B2-90B2-C8D3-1F7A-A5BC88769CB4}.Debug|Any CPU.Build.0 = Debug|Any CPU
		{D4D6A5B2-90B2-C8D3-1F7A-A5BC88769CB4}.Release|Any CPU.ActiveCfg = Release|Any CPU
		{D4D6A5B2-90B2-C8D3-1F7A-A5BC88769CB4}.Release|Any CPU.Build.0 = Release|Any CPU
		{DA794DC4-8457-EA80-4FDB-39CC778D2B23}.Debug|Any CPU.ActiveCfg = Debug|Any CPU
		{DA794DC4-8457-EA80-4FDB-39CC778D2B23}.Debug|Any CPU.Build.0 = Debug|Any CPU
		{DA794DC4-8457-EA80-4FDB-39CC778D2B23}.Release|Any CPU.ActiveCfg = Release|Any CPU
		{DA794DC4-8457-EA80-4FDB-39CC778D2B23}.Release|Any CPU.Build.0 = Release|Any CPU
	EndGlobalSection
	GlobalSection(SolutionProperties) = preSolution
		HideSolutionNode = FALSE
	EndGlobalSection
	GlobalSection(NestedProjects) = preSolution
		{8F45AD0A-0C67-4620-B345-838172D19B9C} = {02EA681E-C7D8-13C7-8484-4AC65E1B71E8}
		{4D1AC4F1-04E9-C22B-7DAA-CA31B88920E3} = {8F45AD0A-0C67-4620-B345-838172D19B9C}
		{D3CAA127-0036-400D-B0C1-C69C42EC070C} = {0D13746B-B978-42B9-8BA9-25DA819D752F}
		{3B069945-E7B1-4F13-B101-4E183901D8E3} = {0D13746B-B978-42B9-8BA9-25DA819D752F}
		{F0925D5D-DCEF-270B-8329-69C819032225} = {D3CAA127-0036-400D-B0C1-C69C42EC070C}
		{2117100F-0CDB-7609-D146-EF85B210FF79} = {D3CAA127-0036-400D-B0C1-C69C42EC070C}
		{69EC731A-46D1-D38F-E5F7-B7425D025675} = {D3CAA127-0036-400D-B0C1-C69C42EC070C}
		{4FB24A3C-C35E-CA2C-7B86-9C08790170BF} = {3B069945-E7B1-4F13-B101-4E183901D8E3}
		{867D3F80-A1CB-EC1D-60F4-4E414F1562EC} = {3B069945-E7B1-4F13-B101-4E183901D8E3}
		{481A83F6-1232-775D-3547-DC429060CDED} = {3B069945-E7B1-4F13-B101-4E183901D8E3}
		{1B87E1C1-286F-4AAF-BE10-F43E05DB824B} = {F40173AC-E59F-4DFD-80A5-9A33986BDA38}
		{6D4BBB01-351A-15B2-84C2-B56F555219FB} = {1B87E1C1-286F-4AAF-BE10-F43E05DB824B}
		{D75BCEE1-8853-5FD6-6018-82A8F5D820DF} = {1B87E1C1-286F-4AAF-BE10-F43E05DB824B}
		{5202DEED-EEB5-551C-1991-3F9642723367} = {1B87E1C1-286F-4AAF-BE10-F43E05DB824B}
		{C24268A3-3C93-F53E-4670-82342103DBB1} = {F40173AC-E59F-4DFD-80A5-9A33986BDA38}
		{ECD4F6A6-96C8-8DA4-750A-17B1F823D339} = {F40173AC-E59F-4DFD-80A5-9A33986BDA38}
		{95D84E70-AB34-E8E9-C6E8-90683F724D87} = {D3CAA127-0036-400D-B0C1-C69C42EC070C}
		{D4D6A5B2-90B2-C8D3-1F7A-A5BC88769CB4} = {D3CAA127-0036-400D-B0C1-C69C42EC070C}
		{DA794DC4-8457-EA80-4FDB-39CC778D2B23} = {D3CAA127-0036-400D-B0C1-C69C42EC070C}
	EndGlobalSection
	GlobalSection(ExtensibilityGlobals) = postSolution
		SolutionGuid = {BC74A808-ED21-4B4B-9727-D5C226E9BD4A}
	EndGlobalSection
EndGlobal
